
Microsoft Visual Studio Solution File, Format Version 12.00
# 
Project("{FAE04EC0-301F-11D3-BF4B-00C04F79EFBC}") = "Day01", "Day01\Day01.csproj", "{CBEBFA35-C7D1-46F6-B8D8-1E6275852057}"
EndProject
Project("{FAE04EC0-301F-11D3-BF4B-00C04F79EFBC}") = "Day02", "Day02\Day02.csproj", "{3832C369-AFBA-4903-9F52-7DCD75960F61}"
EndProject
Project("{FAE04EC0-301F-11D3-BF4B-00C04F79EFBC}") = "Day03", "Day03\Day03.csproj", "{2D7799FA-8EE6-45DF-A245-56D2C477600E}"
EndProject
Project("{FAE04EC0-301F-11D3-BF4B-00C04F79EFBC}") = "Day04", "Day04\Day04.csproj", "{EA7FF0A9-93A9-46E2-825A-069E32D7D2A4}"
EndProject
Project("{FAE04EC0-301F-11D3-BF4B-00C04F79EFBC}") = "Day05", "Day05\Day05.csproj", "{A5D653B8-00AE-4414-9010-388588F7BA86}"
EndProject
Project("{FAE04EC0-301F-11D3-BF4B-00C04F79EFBC}") = "Day06", "Day06\Day06.csproj", "{89C06887-52B5-4262-AB1D-FA46780D6F16}"
EndProject
Project("{FAE04EC0-301F-11D3-BF4B-00C04F79EFBC}") = "Day07", "Day07\Day07.csproj", "{F4D63E30-07F1-4459-8722-85DAA5568965}"
EndProject
Project("{FAE04EC0-301F-11D3-BF4B-00C04F79EFBC}") = "Day08", "Day08\Day08.csproj", "{BC254B83-4FEF-4BA4-873B-26232F934CED}"
EndProject
Project("{FAE04EC0-301F-11D3-BF4B-00C04F79EFBC}") = "Day09", "Day09\Day09.csproj", "{CF394E66-8F03-4F36-8908-7CDE5C41B124}"
EndProject
Global
	GlobalSection(SolutionConfigurationPlatforms) = preSolution
		Debug|Any CPU = Debug|Any CPU
		Release|Any CPU = Release|Any CPU
	EndGlobalSection
	GlobalSection(ProjectConfigurationPlatforms) = postSolution
		{CBEBFA35-C7D1-46F6-B8D8-1E6275852057}.Debug|Any CPU.ActiveCfg = Debug|Any CPU
		{CBEBFA35-C7D1-46F6-B8D8-1E6275852057}.Debug|Any CPU.Build.0 = Debug|Any CPU
		{CBEBFA35-C7D1-46F6-B8D8-1E6275852057}.Release|Any CPU.ActiveCfg = Release|Any CPU
		{CBEBFA35-C7D1-46F6-B8D8-1E6275852057}.Release|Any CPU.Build.0 = Release|Any CPU
		{3832C369-AFBA-4903-9F52-7DCD75960F61}.Debug|Any CPU.ActiveCfg = Debug|Any CPU
		{3832C369-AFBA-4903-9F52-7DCD75960F61}.Debug|Any CPU.Build.0 = Debug|Any CPU
		{3832C369-AFBA-4903-9F52-7DCD75960F61}.Release|Any CPU.ActiveCfg = Release|Any CPU
		{3832C369-AFBA-4903-9F52-7DCD75960F61}.Release|Any CPU.Build.0 = Release|Any CPU
		{2D7799FA-8EE6-45DF-A245-56D2C477600E}.Debug|Any CPU.ActiveCfg = Debug|Any CPU
		{2D7799FA-8EE6-45DF-A245-56D2C477600E}.Debug|Any CPU.Build.0 = Debug|Any CPU
		{2D7799FA-8EE6-45DF-A245-56D2C477600E}.Release|Any CPU.ActiveCfg = Release|Any CPU
		{2D7799FA-8EE6-45DF-A245-56D2C477600E}.Release|Any CPU.Build.0 = Release|Any CPU
		{EA7FF0A9-93A9-46E2-825A-069E32D7D2A4}.Debug|Any CPU.ActiveCfg = Debug|Any CPU
		{EA7FF0A9-93A9-46E2-825A-069E32D7D2A4}.Debug|Any CPU.Build.0 = Debug|Any CPU
		{EA7FF0A9-93A9-46E2-825A-069E32D7D2A4}.Release|Any CPU.ActiveCfg = Release|Any CPU
		{EA7FF0A9-93A9-46E2-825A-069E32D7D2A4}.Release|Any CPU.Build.0 = Release|Any CPU
		{A5D653B8-00AE-4414-9010-388588F7BA86}.Debug|Any CPU.ActiveCfg = Debug|Any CPU
		{A5D653B8-00AE-4414-9010-388588F7BA86}.Debug|Any CPU.Build.0 = Debug|Any CPU
		{A5D653B8-00AE-4414-9010-388588F7BA86}.Release|Any CPU.ActiveCfg = Release|Any CPU
		{A5D653B8-00AE-4414-9010-388588F7BA86}.Release|Any CPU.Build.0 = Release|Any CPU
		{89C06887-52B5-4262-AB1D-FA46780D6F16}.Debug|Any CPU.ActiveCfg = Debug|Any CPU
		{89C06887-52B5-4262-AB1D-FA46780D6F16}.Debug|Any CPU.Build.0 = Debug|Any CPU
		{89C06887-52B5-4262-AB1D-FA46780D6F16}.Release|Any CPU.ActiveCfg = Release|Any CPU
		{89C06887-52B5-4262-AB1D-FA46780D6F16}.Release|Any CPU.Build.0 = Release|Any CPU
		{F4D63E30-07F1-4459-8722-85DAA5568965}.Debug|Any CPU.ActiveCfg = Debug|Any CPU
		{F4D63E30-07F1-4459-8722-85DAA5568965}.Debug|Any CPU.Build.0 = Debug|Any CPU
		{F4D63E30-07F1-4459-8722-85DAA5568965}.Release|Any CPU.ActiveCfg = Release|Any CPU
		{F4D63E30-07F1-4459-8722-85DAA5568965}.Release|Any CPU.Build.0 = Release|Any CPU
		{BC254B83-4FEF-4BA4-873B-26232F934CED}.Debug|Any CPU.ActiveCfg = Debug|Any CPU
		{BC254B83-4FEF-4BA4-873B-26232F934CED}.Debug|Any CPU.Build.0 = Debug|Any CPU
		{BC254B83-4FEF-4BA4-873B-26232F934CED}.Release|Any CPU.ActiveCfg = Release|Any CPU
		{BC254B83-4FEF-4BA4-873B-26232F934CED}.Release|Any CPU.Build.0 = Release|Any CPU
		{CF394E66-8F03-4F36-8908-7CDE5C41B124}.Debug|Any CPU.ActiveCfg = Debug|Any CPU
		{CF394E66-8F03-4F36-8908-7CDE5C41B124}.Debug|Any CPU.Build.0 = Debug|Any CPU
		{CF394E66-8F03-4F36-8908-7CDE5C41B124}.Release|Any CPU.ActiveCfg = Release|Any CPU
		{CF394E66-8F03-4F36-8908-7CDE5C41B124}.Release|Any CPU.Build.0 = Release|Any CPU
	EndGlobalSection
EndGlobal
