
Microsoft Visual Studio Solution File, Format Version 12.00
Project("{FAE04EC0-301F-11D3-BF4B-00C04F79EFBC}") = "Day01", "Day01\Day01.csproj", "{CBEBFA35-C7D1-46F6-B8D8-1E6275852057}"
EndProject
Global
	GlobalSection(SolutionConfigurationPlatforms) = preSolution
		Debug|Any CPU = Debug|Any CPU
		Release|Any CPU = Release|Any CPU
	EndGlobalSection
	GlobalSection(ProjectConfigurationPlatforms) = postSolution
		{CBEBFA35-C7D1-46F6-B8D8-1E6275852057}.Debug|Any CPU.ActiveCfg = Debug|Any CPU
		{CBEBFA35-C7D1-46F6-B8D8-1E6275852057}.Debug|Any CPU.Build.0 = Debug|Any CPU
		{CBEBFA35-C7D1-46F6-B8D8-1E6275852057}.Release|Any CPU.ActiveCfg = Release|Any CPU
		{CBEBFA35-C7D1-46F6-B8D8-1E6275852057}.Release|Any CPU.Build.0 = Release|Any CPU
	EndGlobalSection
EndGlobal
